
Microsoft Visual Studio Solution File, Format Version 12.00
# Visual Studio Version 17
VisualStudioVersion = 17.3.32811.315
MinimumVisualStudioVersion = 10.0.40219.1
Project("{9A19103F-16F7-4668-BE54-9A1E7A4F7556}") = "EveIntelChecker", "EveIntelChecker\EveIntelChecker.csproj", "{C1CAFCC3-0E03-407B-AEB9-D054AE775828}"
EndProject
Project("{54435603-DBB4-11D2-8724-00A0C9A8B90C}") = "EveIntelCheckerSetup", "EveIntelCheckerSetup\EveIntelCheckerSetup.vdproj", "{519B63C7-6061-459E-852F-723171DA004A}"
EndProject
Global
	GlobalSection(SolutionConfigurationPlatforms) = preSolution
		Debug|Any CPU = Debug|Any CPU
		Debug|x86 = Debug|x86
		Release|Any CPU = Release|Any CPU
		Release|x86 = Release|x86
	EndGlobalSection
	GlobalSection(ProjectConfigurationPlatforms) = postSolution
		{C1CAFCC3-0E03-407B-AEB9-D054AE775828}.Debug|Any CPU.ActiveCfg = Debug|Any CPU
		{C1CAFCC3-0E03-407B-AEB9-D054AE775828}.Debug|Any CPU.Build.0 = Debug|Any CPU
		{C1CAFCC3-0E03-407B-AEB9-D054AE775828}.Debug|x86.ActiveCfg = Debug|Any CPU
		{C1CAFCC3-0E03-407B-AEB9-D054AE775828}.Debug|x86.Build.0 = Debug|Any CPU
		{C1CAFCC3-0E03-407B-AEB9-D054AE775828}.Release|Any CPU.ActiveCfg = Release|Any CPU
		{C1CAFCC3-0E03-407B-AEB9-D054AE775828}.Release|Any CPU.Build.0 = Release|Any CPU
		{C1CAFCC3-0E03-407B-AEB9-D054AE775828}.Release|x86.ActiveCfg = Release|Any CPU
		{C1CAFCC3-0E03-407B-AEB9-D054AE775828}.Release|x86.Build.0 = Release|Any CPU
		{519B63C7-6061-459E-852F-723171DA004A}.Debug|Any CPU.ActiveCfg = Debug
		{519B63C7-6061-459E-852F-723171DA004A}.Debug|x86.ActiveCfg = Debug
		{519B63C7-6061-459E-852F-723171DA004A}.Release|Any CPU.ActiveCfg = Release
		{519B63C7-6061-459E-852F-723171DA004A}.Release|x86.ActiveCfg = Release
	EndGlobalSection
	GlobalSection(SolutionProperties) = preSolution
		HideSolutionNode = FALSE
	EndGlobalSection
	GlobalSection(ExtensibilityGlobals) = postSolution
		SolutionGuid = {F6738E2A-5D6C-40F1-9E22-C9A04528595A}
	EndGlobalSection
EndGlobal
