
Microsoft Visual Studio Solution File, Format Version 12.00
# Visual Studio Version 17
VisualStudioVersion = 17.3.32811.315
MinimumVisualStudioVersion = 10.0.40219.1
Project("{FAE04EC0-301F-11D3-BF4B-00C04F79EFBC}") = "EveIntelChecker", "EveIntelChecker.csproj", "{3C74F318-3B75-493F-A950-119721920F6B}"
EndProject
Global
	GlobalSection(SolutionConfigurationPlatforms) = preSolution
		Debug|Any CPU = Debug|Any CPU
		Release|Any CPU = Release|Any CPU
	EndGlobalSection
	GlobalSection(ProjectConfigurationPlatforms) = postSolution
		{3C74F318-3B75-493F-A950-119721920F6B}.Debug|Any CPU.ActiveCfg = Debug|Any CPU
		{3C74F318-3B75-493F-A950-119721920F6B}.Debug|Any CPU.Build.0 = Debug|Any CPU
		{3C74F318-3B75-493F-A950-119721920F6B}.Release|Any CPU.ActiveCfg = Release|Any CPU
		{3C74F318-3B75-493F-A950-119721920F6B}.Release|Any CPU.Build.0 = Release|Any CPU
	EndGlobalSection
	GlobalSection(SolutionProperties) = preSolution
		HideSolutionNode = FALSE
	EndGlobalSection
	GlobalSection(ExtensibilityGlobals) = postSolution
		SolutionGuid = {9811C5CF-3EFC-41CE-8D36-3F2E40DEFBD6}
	EndGlobalSection
EndGlobal
